
Microsoft Visual Studio Solution File, Format Version 12.00
# Visual Studio Version 16
VisualStudioVersion = 16.0.29306.81
MinimumVisualStudioVersion = 10.0.40219.1
Project("{9A19103F-16F7-4668-BE54-9A1E7A4F7556}") = "PgccApi", "PgccApi.csproj", "{BDEEF423-9892-4EF3-829D-CF8D1AE266C2}"
EndProject
Project("{9A19103F-16F7-4668-BE54-9A1E7A4F7556}") = "PgccApi.Tests", "..\pgcc-api.tests\PgccApi.Tests.csproj", "{A34A5A27-61F3-404A-840E-2AABCB697F51}"
EndProject
Global
	GlobalSection(SolutionConfigurationPlatforms) = preSolution
		Debug|Any CPU = Debug|Any CPU
		Release|Any CPU = Release|Any CPU
	EndGlobalSection
	GlobalSection(ProjectConfigurationPlatforms) = postSolution
		{BDEEF423-9892-4EF3-829D-CF8D1AE266C2}.Debug|Any CPU.ActiveCfg = Debug|Any CPU
		{BDEEF423-9892-4EF3-829D-CF8D1AE266C2}.Debug|Any CPU.Build.0 = Debug|Any CPU
		{BDEEF423-9892-4EF3-829D-CF8D1AE266C2}.Release|Any CPU.ActiveCfg = Release|Any CPU
		{BDEEF423-9892-4EF3-829D-CF8D1AE266C2}.Release|Any CPU.Build.0 = Release|Any CPU
		{A34A5A27-61F3-404A-840E-2AABCB697F51}.Debug|Any CPU.ActiveCfg = Debug|Any CPU
		{A34A5A27-61F3-404A-840E-2AABCB697F51}.Debug|Any CPU.Build.0 = Debug|Any CPU
		{A34A5A27-61F3-404A-840E-2AABCB697F51}.Release|Any CPU.ActiveCfg = Release|Any CPU
		{A34A5A27-61F3-404A-840E-2AABCB697F51}.Release|Any CPU.Build.0 = Release|Any CPU
	EndGlobalSection
	GlobalSection(SolutionProperties) = preSolution
		HideSolutionNode = FALSE
	EndGlobalSection
	GlobalSection(ExtensibilityGlobals) = postSolution
		SolutionGuid = {33326F3A-FEBE-4BEE-9E5E-FD380B1FB5BC}
	EndGlobalSection
EndGlobal
